{
  "version": 2,
  "dependencies": {
    "net10.0": {
      "GitVersion.MsBuild": {
        "type": "Direct",
        "requested": "[6.6.0, )",
        "resolved": "6.6.0",
        "contentHash": "DleYRs4QwkTFmqODJKBgQ3wRbPytZ/Zb5ZdBczUslXkAizp+2vVS+NuivgjwzZNnLKyVFa3IYUAcGbcMAgs3Ww=="
      },
      "Microsoft.NET.ILLink.Tasks": {
        "type": "Direct",
        "requested": "[10.0.3, )",
        "resolved": "10.0.3",
        "contentHash": "0B6nZyCHWXnvmlB559oduOspVdNOnpNXPjhpWVMovLPAsDVG7A4jJR9rzECf67JUzxP8/ee/wA8clwIzJcWNFA=="
      },
      "Polyfill": {
        "type": "Direct",
        "requested": "[9.11.0, )",
        "resolved": "9.11.0",
        "contentHash": "14DVSS9k7U9XleWrNtTCQJePg4M3l1EtabVkYocAOUDGVFyOYV9pkYEofpLJyxdC4efhJY6bUo9lRd9n84JIBw=="
      }
    },
    "net8.0": {
      "GitVersion.MsBuild": {
        "type": "Direct",
        "requested": "[6.6.0, )",
        "resolved": "6.6.0",
        "contentHash": "DleYRs4QwkTFmqODJKBgQ3wRbPytZ/Zb5ZdBczUslXkAizp+2vVS+NuivgjwzZNnLKyVFa3IYUAcGbcMAgs3Ww=="
      },
      "Microsoft.NET.ILLink.Tasks": {
        "type": "Direct",
        "requested": "[8.0.24, )",
        "resolved": "8.0.24",
        "contentHash": "1gnadp//+DoGJvV4AFdzPqYPxkypaWYjYMCr7KAacV0iadsHz1nU+rrkoxBCna4FCmeKH49CisEwa7g94/MbEg=="
      },
      "Polyfill": {
        "type": "Direct",
        "requested": "[9.11.0, )",
        "resolved": "9.11.0",
        "contentHash": "14DVSS9k7U9XleWrNtTCQJePg4M3l1EtabVkYocAOUDGVFyOYV9pkYEofpLJyxdC4efhJY6bUo9lRd9n84JIBw=="
      }
    },
    "net9.0": {
      "GitVersion.MsBuild": {
        "type": "Direct",
        "requested": "[6.6.0, )",
        "resolved": "6.6.0",
        "contentHash": "DleYRs4QwkTFmqODJKBgQ3wRbPytZ/Zb5ZdBczUslXkAizp+2vVS+NuivgjwzZNnLKyVFa3IYUAcGbcMAgs3Ww=="
      },
      "Microsoft.NET.ILLink.Tasks": {
        "type": "Direct",
        "requested": "[9.0.13, )",
        "resolved": "9.0.13",
        "contentHash": "f7t15I9ZXV7fNk3FIzPAlkJNG1A1tkSeDpRh+TFWEToGGqA+uj6uqU15I8YOkkYICNY2tqOVm2CMe6ScPFPwEg=="
      },
      "Polyfill": {
        "type": "Direct",
        "requested": "[9.11.0, )",
        "resolved": "9.11.0",
        "contentHash": "14DVSS9k7U9XleWrNtTCQJePg4M3l1EtabVkYocAOUDGVFyOYV9pkYEofpLJyxdC4efhJY6bUo9lRd9n84JIBw=="
      }
    }
  }
}